
Microsoft Visual Studio Solution File, Format Version 12.00
Project("{FAE04EC0-301F-11D3-BF4B-00C04F79EFBC}") = "PoetryPlanet.Client", "PoetryPlanet.Client\PoetryPlanet.Client.csproj", "{45734CE3-08C5-4C2F-AEAB-796CA2EDF9F9}"
EndProject
Project("{FAE04EC0-301F-11D3-BF4B-00C04F79EFBC}") = "PoetryPlanet.Client.Tests", "PoetryPlanet.Client.Tests\PoetryPlanet.Client.Tests.csproj", "{E08C178F-C69A-48B2-9BE1-409176AFDA90}"
EndProject
Project("{FAE04EC0-301F-11D3-BF4B-00C04F79EFBC}") = "PoetryPlanet.Web", "PoetryPlanet.Web\PoetryPlanet.Web.csproj", "{38091A40-9D92-4E03-BB16-DF57DD183B6F}"
EndProject
Project("{FAE04EC0-301F-11D3-BF4B-00C04F79EFBC}") = "PoetryPlanet.Web.Tests", "PoetryPlanet.Web.Tests\PoetryPlanet.Web.Tests.csproj", "{68A1E6F5-1FE2-4EB0-8F4E-0EF96C3EF288}"
EndProject
Project("{FAE04EC0-301F-11D3-BF4B-00C04F79EFBC}") = "PoetryPlanet.Core", "PoetryPlanet.Core\PoetryPlanet.Core.csproj", "{77E14BFA-AADE-4AD9-8ED0-D40178015D4A}"
EndProject
Project("{FAE04EC0-301F-11D3-BF4B-00C04F79EFBC}") = "PoetryPlanet.Data", "PoetryPlanet.Data\PoetryPlanet.Data.csproj", "{17EAED73-38EB-4E4B-95AD-F1F5A60AFD0F}"
EndProject
Project("{2150E333-8FDC-42A3-9474-1A3956D46DE8}") = "Mobile", "Mobile", "{2FA64A3B-3D3E-4012-9262-468FC72BB619}"
EndProject
Project("{FAE04EC0-301F-11D3-BF4B-00C04F79EFBC}") = "PoetryPlanet", "PoetryPlanet\PoetryPlanet.csproj", "{AA1130D4-F73D-49CC-8DFF-5E73C21063AD}"
EndProject
Project("{FAE04EC0-301F-11D3-BF4B-00C04F79EFBC}") = "PoetryPlanet.Desktop", "PoetryPlanet.Desktop\PoetryPlanet.Desktop.csproj", "{EDE9C06E-1E73-4A5A-8AE2-801F7A89D570}"
EndProject
Project("{FAE04EC0-301F-11D3-BF4B-00C04F79EFBC}") = "PoetryPlanet.iOS", "PoetryPlanet.iOS\PoetryPlanet.iOS.csproj", "{3F8C396E-286E-4A88-8368-CA50F71A84B7}"
EndProject
Project("{FAE04EC0-301F-11D3-BF4B-00C04F79EFBC}") = "PoetryPlanet.Android", "PoetryPlanet.Android\PoetryPlanet.Android.csproj", "{4B34BF48-8F9C-4547-8C2C-3F52D00D8C29}"
EndProject
Project("{FAE04EC0-301F-11D3-BF4B-00C04F79EFBC}") = "PoetryPlanet.Browser", "PoetryPlanet.Browser\PoetryPlanet.Browser.csproj", "{1505C70C-0AE8-4372-AA1F-22E3D64DBB65}"
EndProject
Project("{FAE04EC0-301F-11D3-BF4B-00C04F79EFBC}") = "CherylUI", "CherylUI\CherylUI.csproj", "{750C8487-0D8A-42C0-89E2-07ABBBF2940E}"
EndProject
Global
	GlobalSection(SolutionConfigurationPlatforms) = preSolution
		Debug|Any CPU = Debug|Any CPU
		Release|Any CPU = Release|Any CPU
	EndGlobalSection
	GlobalSection(ProjectConfigurationPlatforms) = postSolution
		{45734CE3-08C5-4C2F-AEAB-796CA2EDF9F9}.Debug|Any CPU.ActiveCfg = Debug|Any CPU
		{45734CE3-08C5-4C2F-AEAB-796CA2EDF9F9}.Debug|Any CPU.Build.0 = Debug|Any CPU
		{45734CE3-08C5-4C2F-AEAB-796CA2EDF9F9}.Release|Any CPU.ActiveCfg = Release|Any CPU
		{45734CE3-08C5-4C2F-AEAB-796CA2EDF9F9}.Release|Any CPU.Build.0 = Release|Any CPU
		{E08C178F-C69A-48B2-9BE1-409176AFDA90}.Debug|Any CPU.ActiveCfg = Debug|Any CPU
		{E08C178F-C69A-48B2-9BE1-409176AFDA90}.Debug|Any CPU.Build.0 = Debug|Any CPU
		{E08C178F-C69A-48B2-9BE1-409176AFDA90}.Release|Any CPU.ActiveCfg = Release|Any CPU
		{E08C178F-C69A-48B2-9BE1-409176AFDA90}.Release|Any CPU.Build.0 = Release|Any CPU
		{38091A40-9D92-4E03-BB16-DF57DD183B6F}.Debug|Any CPU.ActiveCfg = Debug|Any CPU
		{38091A40-9D92-4E03-BB16-DF57DD183B6F}.Debug|Any CPU.Build.0 = Debug|Any CPU
		{38091A40-9D92-4E03-BB16-DF57DD183B6F}.Release|Any CPU.ActiveCfg = Release|Any CPU
		{38091A40-9D92-4E03-BB16-DF57DD183B6F}.Release|Any CPU.Build.0 = Release|Any CPU
		{68A1E6F5-1FE2-4EB0-8F4E-0EF96C3EF288}.Debug|Any CPU.ActiveCfg = Debug|Any CPU
		{68A1E6F5-1FE2-4EB0-8F4E-0EF96C3EF288}.Debug|Any CPU.Build.0 = Debug|Any CPU
		{68A1E6F5-1FE2-4EB0-8F4E-0EF96C3EF288}.Release|Any CPU.ActiveCfg = Release|Any CPU
		{68A1E6F5-1FE2-4EB0-8F4E-0EF96C3EF288}.Release|Any CPU.Build.0 = Release|Any CPU
		{77E14BFA-AADE-4AD9-8ED0-D40178015D4A}.Debug|Any CPU.ActiveCfg = Debug|Any CPU
		{77E14BFA-AADE-4AD9-8ED0-D40178015D4A}.Debug|Any CPU.Build.0 = Debug|Any CPU
		{77E14BFA-AADE-4AD9-8ED0-D40178015D4A}.Release|Any CPU.ActiveCfg = Release|Any CPU
		{77E14BFA-AADE-4AD9-8ED0-D40178015D4A}.Release|Any CPU.Build.0 = Release|Any CPU
		{17EAED73-38EB-4E4B-95AD-F1F5A60AFD0F}.Debug|Any CPU.ActiveCfg = Debug|Any CPU
		{17EAED73-38EB-4E4B-95AD-F1F5A60AFD0F}.Debug|Any CPU.Build.0 = Debug|Any CPU
		{17EAED73-38EB-4E4B-95AD-F1F5A60AFD0F}.Release|Any CPU.ActiveCfg = Release|Any CPU
		{17EAED73-38EB-4E4B-95AD-F1F5A60AFD0F}.Release|Any CPU.Build.0 = Release|Any CPU
		{AA1130D4-F73D-49CC-8DFF-5E73C21063AD}.Debug|Any CPU.ActiveCfg = Debug|Any CPU
		{AA1130D4-F73D-49CC-8DFF-5E73C21063AD}.Debug|Any CPU.Build.0 = Debug|Any CPU
		{AA1130D4-F73D-49CC-8DFF-5E73C21063AD}.Release|Any CPU.ActiveCfg = Release|Any CPU
		{AA1130D4-F73D-49CC-8DFF-5E73C21063AD}.Release|Any CPU.Build.0 = Release|Any CPU
		{EDE9C06E-1E73-4A5A-8AE2-801F7A89D570}.Debug|Any CPU.ActiveCfg = Debug|Any CPU
		{EDE9C06E-1E73-4A5A-8AE2-801F7A89D570}.Debug|Any CPU.Build.0 = Debug|Any CPU
		{EDE9C06E-1E73-4A5A-8AE2-801F7A89D570}.Release|Any CPU.ActiveCfg = Release|Any CPU
		{EDE9C06E-1E73-4A5A-8AE2-801F7A89D570}.Release|Any CPU.Build.0 = Release|Any CPU
		{3F8C396E-286E-4A88-8368-CA50F71A84B7}.Debug|Any CPU.ActiveCfg = Debug|Any CPU
		{3F8C396E-286E-4A88-8368-CA50F71A84B7}.Debug|Any CPU.Build.0 = Debug|Any CPU
		{3F8C396E-286E-4A88-8368-CA50F71A84B7}.Release|Any CPU.ActiveCfg = Release|Any CPU
		{3F8C396E-286E-4A88-8368-CA50F71A84B7}.Release|Any CPU.Build.0 = Release|Any CPU
		{4B34BF48-8F9C-4547-8C2C-3F52D00D8C29}.Debug|Any CPU.ActiveCfg = Debug|Any CPU
		{4B34BF48-8F9C-4547-8C2C-3F52D00D8C29}.Debug|Any CPU.Build.0 = Debug|Any CPU
		{4B34BF48-8F9C-4547-8C2C-3F52D00D8C29}.Release|Any CPU.ActiveCfg = Release|Any CPU
		{4B34BF48-8F9C-4547-8C2C-3F52D00D8C29}.Release|Any CPU.Build.0 = Release|Any CPU
		{1505C70C-0AE8-4372-AA1F-22E3D64DBB65}.Debug|Any CPU.ActiveCfg = Debug|Any CPU
		{1505C70C-0AE8-4372-AA1F-22E3D64DBB65}.Debug|Any CPU.Build.0 = Debug|Any CPU
		{1505C70C-0AE8-4372-AA1F-22E3D64DBB65}.Release|Any CPU.ActiveCfg = Release|Any CPU
		{1505C70C-0AE8-4372-AA1F-22E3D64DBB65}.Release|Any CPU.Build.0 = Release|Any CPU
		{750C8487-0D8A-42C0-89E2-07ABBBF2940E}.Debug|Any CPU.ActiveCfg = Debug|Any CPU
		{750C8487-0D8A-42C0-89E2-07ABBBF2940E}.Debug|Any CPU.Build.0 = Debug|Any CPU
		{750C8487-0D8A-42C0-89E2-07ABBBF2940E}.Release|Any CPU.ActiveCfg = Release|Any CPU
		{750C8487-0D8A-42C0-89E2-07ABBBF2940E}.Release|Any CPU.Build.0 = Release|Any CPU
	EndGlobalSection
	GlobalSection(NestedProjects) = preSolution
		{AA1130D4-F73D-49CC-8DFF-5E73C21063AD} = {2FA64A3B-3D3E-4012-9262-468FC72BB619}
		{EDE9C06E-1E73-4A5A-8AE2-801F7A89D570} = {2FA64A3B-3D3E-4012-9262-468FC72BB619}
		{3F8C396E-286E-4A88-8368-CA50F71A84B7} = {2FA64A3B-3D3E-4012-9262-468FC72BB619}
		{4B34BF48-8F9C-4547-8C2C-3F52D00D8C29} = {2FA64A3B-3D3E-4012-9262-468FC72BB619}
		{1505C70C-0AE8-4372-AA1F-22E3D64DBB65} = {2FA64A3B-3D3E-4012-9262-468FC72BB619}
		{750C8487-0D8A-42C0-89E2-07ABBBF2940E} = {2FA64A3B-3D3E-4012-9262-468FC72BB619}
	EndGlobalSection
EndGlobal
